
Microsoft Visual Studio Solution File, Format Version 12.00
# Visual Studio Version 16
VisualStudioVersion = 16.0.810.21
MinimumVisualStudioVersion = 10.0.40219.1
Project("{FAE04EC0-301F-11D3-BF4B-00C04F79EFBC}") = "NumberGuesser", "NumberGuesser\NumberGuesser.csproj", "{19163FE3-C865-48F0-B53A-8325D4D73082}"
EndProject
Global
	GlobalSection(SolutionConfigurationPlatforms) = preSolution
		Debug|Any CPU = Debug|Any CPU
		Release|Any CPU = Release|Any CPU
	EndGlobalSection
	GlobalSection(ProjectConfigurationPlatforms) = postSolution
		{19163FE3-C865-48F0-B53A-8325D4D73082}.Debug|Any CPU.ActiveCfg = Debug|Any CPU
		{19163FE3-C865-48F0-B53A-8325D4D73082}.Debug|Any CPU.Build.0 = Debug|Any CPU
		{19163FE3-C865-48F0-B53A-8325D4D73082}.Release|Any CPU.ActiveCfg = Release|Any CPU
		{19163FE3-C865-48F0-B53A-8325D4D73082}.Release|Any CPU.Build.0 = Release|Any CPU
	EndGlobalSection
	GlobalSection(SolutionProperties) = preSolution
		HideSolutionNode = FALSE
	EndGlobalSection
	GlobalSection(ExtensibilityGlobals) = postSolution
		SolutionGuid = {ACCBC0D0-F88C-4FDD-80E8-882FA2BB34DB}
	EndGlobalSection
EndGlobal
